
Microsoft Visual Studio Solution File, Format Version 12.00
# Visual Studio Version 16
VisualStudioVersion = 16.0.29215.179
MinimumVisualStudioVersion = 10.0.40219.1
Project("{9A19103F-16F7-4668-BE54-9A1E7A4F7556}") = "FMPI.Sales.Api", "FMPI.Sales.Api\FMPI.Sales.Api.csproj", "{DC977F5C-9538-44D4-B6FC-6F5C86F85659}"
EndProject
Project("{FAE04EC0-301F-11D3-BF4B-00C04F79EFBC}") = "FMPI.Sales.Application", "FMPI.Sales.Application\FMPI.Sales.Application.csproj", "{920EED6D-62B6-4990-8430-D6CDCDCE2F4B}"
EndProject
Global
	GlobalSection(SolutionConfigurationPlatforms) = preSolution
		Debug|Any CPU = Debug|Any CPU
		Release|Any CPU = Release|Any CPU
	EndGlobalSection
	GlobalSection(ProjectConfigurationPlatforms) = postSolution
		{DC977F5C-9538-44D4-B6FC-6F5C86F85659}.Debug|Any CPU.ActiveCfg = Debug|Any CPU
		{DC977F5C-9538-44D4-B6FC-6F5C86F85659}.Debug|Any CPU.Build.0 = Debug|Any CPU
		{DC977F5C-9538-44D4-B6FC-6F5C86F85659}.Release|Any CPU.ActiveCfg = Release|Any CPU
		{DC977F5C-9538-44D4-B6FC-6F5C86F85659}.Release|Any CPU.Build.0 = Release|Any CPU
		{920EED6D-62B6-4990-8430-D6CDCDCE2F4B}.Debug|Any CPU.ActiveCfg = Debug|Any CPU
		{920EED6D-62B6-4990-8430-D6CDCDCE2F4B}.Debug|Any CPU.Build.0 = Debug|Any CPU
		{920EED6D-62B6-4990-8430-D6CDCDCE2F4B}.Release|Any CPU.ActiveCfg = Release|Any CPU
		{920EED6D-62B6-4990-8430-D6CDCDCE2F4B}.Release|Any CPU.Build.0 = Release|Any CPU
	EndGlobalSection
	GlobalSection(SolutionProperties) = preSolution
		HideSolutionNode = FALSE
	EndGlobalSection
	GlobalSection(ExtensibilityGlobals) = postSolution
		SolutionGuid = {67D255F5-2BE2-422A-90D7-FB46E7EC73B6}
	EndGlobalSection
EndGlobal
